// !$*UTF8*$!
{
	archiveVersion = 1;
	classes = {
	};
	objectVersion = 52;
	objects = {

/* Begin PBXBuildFile section */
		F3FE2ABE255C7C1A00447B59 /* main.swift in Sources */ = {isa = PBXBuildFile; fileRef = F3FE2ABD255C7C1A00447B59 /* main.swift */; };
		F3FE2AC7255C944100447B59 /* Train.swift in Sources */ = {isa = PBXBuildFile; fileRef = F3FE2AC6255C944100447B59 /* Train.swift */; };
		F3FE2ACB255C956A00447B59 /* ArgumentParser in Frameworks */ = {isa = PBXBuildFile; productRef = F3FE2ACA255C956A00447B59 /* ArgumentParser */; };
		F3FE2ACE255C97A800447B59 /* Execute.swift in Sources */ = {isa = PBXBuildFile; fileRef = F3FE2ACD255C97A800447B59 /* Execute.swift */; };
		F3FE2AD1255C9EA600447B59 /* Game.swift in Sources */ = {isa = PBXBuildFile; fileRef = F3FE2AD0255C9EA600447B59 /* Game.swift */; };
		F3FE2AD5255CA02800447B59 /* GameData.swift in Sources */ = {isa = PBXBuildFile; fileRef = F3FE2AD4255CA02800447B59 /* GameData.swift */; };
/* End PBXBuildFile section */

/* Begin PBXCopyFilesBuildPhase section */
		F3FE2AB8255C7C1A00447B59 /* CopyFiles */ = {
			isa = PBXCopyFilesBuildPhase;
			buildActionMask = 2147483647;
			dstPath = /usr/share/man/man1/;
			dstSubfolderSpec = 0;
			files = (
			);
			runOnlyForDeploymentPostprocessing = 1;
		};
/* End PBXCopyFilesBuildPhase section */

/* Begin PBXFileReference section */
		F3FE2ABA255C7C1A00447B59 /* Battlesnake Winter 2020 */ = {isa = PBXFileReference; explicitFileType = "compiled.mach-o.executable"; includeInIndex = 0; path = "Battlesnake Winter 2020"; sourceTree = BUILT_PRODUCTS_DIR; };
		F3FE2ABD255C7C1A00447B59 /* main.swift */ = {isa = PBXFileReference; lastKnownFileType = sourcecode.swift; path = main.swift; sourceTree = "<group>"; };
		F3FE2AC6255C944100447B59 /* Train.swift */ = {isa = PBXFileReference; lastKnownFileType = sourcecode.swift; path = Train.swift; sourceTree = "<group>"; };
		F3FE2ACD255C97A800447B59 /* Execute.swift */ = {isa = PBXFileReference; lastKnownFileType = sourcecode.swift; path = Execute.swift; sourceTree = "<group>"; };
		F3FE2AD0255C9EA600447B59 /* Game.swift */ = {isa = PBXFileReference; lastKnownFileType = sourcecode.swift; path = Game.swift; sourceTree = "<group>"; };
		F3FE2AD4255CA02800447B59 /* GameData.swift */ = {isa = PBXFileReference; lastKnownFileType = sourcecode.swift; path = GameData.swift; sourceTree = "<group>"; };
/* End PBXFileReference section */

/* Begin PBXFrameworksBuildPhase section */
		F3FE2AB7255C7C1A00447B59 /* Frameworks */ = {
			isa = PBXFrameworksBuildPhase;
			buildActionMask = 2147483647;
			files = (
				F3FE2ACB255C956A00447B59 /* ArgumentParser in Frameworks */,
			);
			runOnlyForDeploymentPostprocessing = 0;
		};
/* End PBXFrameworksBuildPhase section */

/* Begin PBXGroup section */
		F3FE2AB1255C7C1A00447B59 = {
			isa = PBXGroup;
			children = (
				F3FE2ABC255C7C1A00447B59 /* Battlesnake Winter 2020 */,
				F3FE2ABB255C7C1A00447B59 /* Products */,
			);
			sourceTree = "<group>";
		};
		F3FE2ABB255C7C1A00447B59 /* Products */ = {
			isa = PBXGroup;
			children = (
				F3FE2ABA255C7C1A00447B59 /* Battlesnake Winter 2020 */,
			);
			name = Products;
			sourceTree = "<group>";
		};
		F3FE2ABC255C7C1A00447B59 /* Battlesnake Winter 2020 */ = {
			isa = PBXGroup;
			children = (
				F3FE2ABD255C7C1A00447B59 /* main.swift */,
				F3FE2ACD255C97A800447B59 /* Execute.swift */,
				F3FE2AC6255C944100447B59 /* Train.swift */,
				F3FE2AD0255C9EA600447B59 /* Game.swift */,
				F3FE2AD4255CA02800447B59 /* GameData.swift */,
			);
			path = "Battlesnake Winter 2020";
			sourceTree = "<group>";
		};
/* End PBXGroup section */

/* Begin PBXNativeTarget section */
		F3FE2AB9255C7C1A00447B59 /* Battlesnake Winter 2020 */ = {
			isa = PBXNativeTarget;
			buildConfigurationList = F3FE2AC1255C7C1A00447B59 /* Build configuration list for PBXNativeTarget "Battlesnake Winter 2020" */;
			buildPhases = (
				F3FE2AB6255C7C1A00447B59 /* Sources */,
				F3FE2AB7255C7C1A00447B59 /* Frameworks */,
				F3FE2AB8255C7C1A00447B59 /* CopyFiles */,
			);
			buildRules = (
			);
			dependencies = (
			);
			name = "Battlesnake Winter 2020";
			packageProductDependencies = (
				F3FE2ACA255C956A00447B59 /* ArgumentParser */,
			);
			productName = "Battlesnake Winter 2020";
			productReference = F3FE2ABA255C7C1A00447B59 /* Battlesnake Winter 2020 */;
			productType = "com.apple.product-type.tool";
		};
/* End PBXNativeTarget section */

/* Begin PBXProject section */
		F3FE2AB2255C7C1A00447B59 /* Project object */ = {
			isa = PBXProject;
			attributes = {
				LastSwiftUpdateCheck = 1210;
				LastUpgradeCheck = 1210;
				TargetAttributes = {
					F3FE2AB9255C7C1A00447B59 = {
						CreatedOnToolsVersion = 12.1;
					};
				};
			};
			buildConfigurationList = F3FE2AB5255C7C1A00447B59 /* Build configuration list for PBXProject "Battlesnake Winter 2020" */;
			compatibilityVersion = "Xcode 9.3";
			developmentRegion = en;
			hasScannedForEncodings = 0;
			knownRegions = (
				en,
				Base,
			);
			mainGroup = F3FE2AB1255C7C1A00447B59;
			packageReferences = (
				F3FE2AC9255C956A00447B59 /* XCRemoteSwiftPackageReference "swift-argument-parser" */,
			);
			productRefGroup = F3FE2ABB255C7C1A00447B59 /* Products */;
			projectDirPath = "";
			projectRoot = "";
			targets = (
				F3FE2AB9255C7C1A00447B59 /* Battlesnake Winter 2020 */,
			);
		};
/* End PBXProject section */

/* Begin PBXSourcesBuildPhase section */
		F3FE2AB6255C7C1A00447B59 /* Sources */ = {
			isa = PBXSourcesBuildPhase;
			buildActionMask = 2147483647;
			files = (
				F3FE2ACE255C97A800447B59 /* Execute.swift in Sources */,
				F3FE2AD5255CA02800447B59 /* GameData.swift in Sources */,
				F3FE2AC7255C944100447B59 /* Train.swift in Sources */,
				F3FE2ABE255C7C1A00447B59 /* main.swift in Sources */,
				F3FE2AD1255C9EA600447B59 /* Game.swift in Sources */,
			);
			runOnlyForDeploymentPostprocessing = 0;
		};
/* End PBXSourcesBuildPhase section */

/* Begin XCBuildConfiguration section */
		F3FE2ABF255C7C1A00447B59 /* Debug */ = {
			isa = XCBuildConfiguration;
			buildSettings = {
				ALWAYS_SEARCH_USER_PATHS = NO;
				CLANG_ANALYZER_NONNULL = YES;
				CLANG_ANALYZER_NUMBER_OBJECT_CONVERSION = YES_AGGRESSIVE;
				CLANG_CXX_LANGUAGE_STANDARD = "gnu++14";
				CLANG_CXX_LIBRARY = "libc++";
				CLANG_ENABLE_MODULES = YES;
				CLANG_ENABLE_OBJC_ARC = YES;
				CLANG_ENABLE_OBJC_WEAK = YES;
				CLANG_WARN_BLOCK_CAPTURE_AUTORELEASING = YES;
				CLANG_WARN_BOOL_CONVERSION = YES;
				CLANG_WARN_COMMA = YES;
				CLANG_WARN_CONSTANT_CONVERSION = YES;
				CLANG_WARN_DEPRECATED_OBJC_IMPLEMENTATIONS = YES;
				CLANG_WARN_DIRECT_OBJC_ISA_USAGE = YES_ERROR;
				CLANG_WARN_DOCUMENTATION_COMMENTS = YES;
				CLANG_WARN_EMPTY_BODY = YES;
				CLANG_WARN_ENUM_CONVERSION = YES;
				CLANG_WARN_INFINITE_RECURSION = YES;
				CLANG_WARN_INT_CONVERSION = YES;
				CLANG_WARN_NON_LITERAL_NULL_CONVERSION = YES;
				CLANG_WARN_OBJC_IMPLICIT_RETAIN_SELF = YES;
				CLANG_WARN_OBJC_LITERAL_CONVERSION = YES;
				CLANG_WARN_OBJC_ROOT_CLASS = YES_ERROR;
				CLANG_WARN_QUOTED_INCLUDE_IN_FRAMEWORK_HEADER = YES;
				CLANG_WARN_RANGE_LOOP_ANALYSIS = YES;
				CLANG_WARN_STRICT_PROTOTYPES = YES;
				CLANG_WARN_SUSPICIOUS_MOVE = YES;
				CLANG_WARN_UNGUARDED_AVAILABILITY = YES_AGGRESSIVE;
				CLANG_WARN_UNREACHABLE_CODE = YES;
				CLANG_WARN__DUPLICATE_METHOD_MATCH = YES;
				COPY_PHASE_STRIP = NO;
				DEBUG_INFORMATION_FORMAT = dwarf;
				ENABLE_STRICT_OBJC_MSGSEND = YES;
				ENABLE_TESTABILITY = YES;
				GCC_C_LANGUAGE_STANDARD = gnu11;
				GCC_DYNAMIC_NO_PIC = NO;
				GCC_NO_COMMON_BLOCKS = YES;
				GCC_OPTIMIZATION_LEVEL = 0;
				GCC_PREPROCESSOR_DEFINITIONS = (
					"DEBUG=1",
					"$(inherited)",
				);
				GCC_WARN_64_TO_32_BIT_CONVERSION = YES;
				GCC_WARN_ABOUT_RETURN_TYPE = YES_ERROR;
				GCC_WARN_UNDECLARED_SELECTOR = YES;
				GCC_WARN_UNINITIALIZED_AUTOS = YES_AGGRESSIVE;
				GCC_WARN_UNUSED_FUNCTION = YES;
				GCC_WARN_UNUSED_VARIABLE = YES;
				MACOSX_DEPLOYMENT_TARGET = 10.15;
				MTL_ENABLE_DEBUG_INFO = INCLUDE_SOURCE;
				MTL_FAST_MATH = YES;
				ONLY_ACTIVE_ARCH = YES;
				SDKROOT = macosx;
				SWIFT_ACTIVE_COMPILATION_CONDITIONS = DEBUG;
				SWIFT_OPTIMIZATION_LEVEL = "-Onone";
			};
			name = Debug;
		};
		F3FE2AC0255C7C1A00447B59 /* Release */ = {
			isa = XCBuildConfiguration;
			buildSettings = {
				ALWAYS_SEARCH_USER_PATHS = NO;
				CLANG_ANALYZER_NONNULL = YES;
				CLANG_ANALYZER_NUMBER_OBJECT_CONVERSION = YES_AGGRESSIVE;
				CLANG_CXX_LANGUAGE_STANDARD = "gnu++14";
				CLANG_CXX_LIBRARY = "libc++";
				CLANG_ENABLE_MODULES = YES;
				CLANG_ENABLE_OBJC_ARC = YES;
				CLANG_ENABLE_OBJC_WEAK = YES;
				CLANG_WARN_BLOCK_CAPTURE_AUTORELEASING = YES;
				CLANG_WARN_BOOL_CONVERSION = YES;
				CLANG_WARN_COMMA = YES;
				CLANG_WARN_CONSTANT_CONVERSION = YES;
				CLANG_WARN_DEPRECATED_OBJC_IMPLEMENTATIONS = YES;
				CLANG_WARN_DIRECT_OBJC_ISA_USAGE = YES_ERROR;
				CLANG_WARN_DOCUMENTATION_COMMENTS = YES;
				CLANG_WARN_EMPTY_BODY = YES;
				CLANG_WARN_ENUM_CONVERSION = YES;
				CLANG_WARN_INFINITE_RECURSION = YES;
				CLANG_WARN_INT_CONVERSION = YES;
				CLANG_WARN_NON_LITERAL_NULL_CONVERSION = YES;
				CLANG_WARN_OBJC_IMPLICIT_RETAIN_SELF = YES;
				CLANG_WARN_OBJC_LITERAL_CONVERSION = YES;
				CLANG_WARN_OBJC_ROOT_CLASS = YES_ERROR;
				CLANG_WARN_QUOTED_INCLUDE_IN_FRAMEWORK_HEADER = YES;
				CLANG_WARN_RANGE_LOOP_ANALYSIS = YES;
				CLANG_WARN_STRICT_PROTOTYPES = YES;
				CLANG_WARN_SUSPICIOUS_MOVE = YES;
				CLANG_WARN_UNGUARDED_AVAILABILITY = YES_AGGRESSIVE;
				CLANG_WARN_UNREACHABLE_CODE = YES;
				CLANG_WARN__DUPLICATE_METHOD_MATCH = YES;
				COPY_PHASE_STRIP = NO;
				DEBUG_INFORMATION_FORMAT = "dwarf-with-dsym";
				ENABLE_NS_ASSERTIONS = NO;
				ENABLE_STRICT_OBJC_MSGSEND = YES;
				GCC_C_LANGUAGE_STANDARD = gnu11;
				GCC_NO_COMMON_BLOCKS = YES;
				GCC_WARN_64_TO_32_BIT_CONVERSION = YES;
				GCC_WARN_ABOUT_RETURN_TYPE = YES_ERROR;
				GCC_WARN_UNDECLARED_SELECTOR = YES;
				GCC_WARN_UNINITIALIZED_AUTOS = YES_AGGRESSIVE;
				GCC_WARN_UNUSED_FUNCTION = YES;
				GCC_WARN_UNUSED_VARIABLE = YES;
				MACOSX_DEPLOYMENT_TARGET = 10.15;
				MTL_ENABLE_DEBUG_INFO = NO;
				MTL_FAST_MATH = YES;
				SDKROOT = macosx;
				SWIFT_COMPILATION_MODE = wholemodule;
				SWIFT_OPTIMIZATION_LEVEL = "-O";
			};
			name = Release;
		};
		F3FE2AC2255C7C1A00447B59 /* Debug */ = {
			isa = XCBuildConfiguration;
			buildSettings = {
				CODE_SIGN_STYLE = Automatic;
				DEVELOPMENT_TEAM = L73ZV6NFSJ;
				ENABLE_HARDENED_RUNTIME = YES;
				PRODUCT_NAME = "$(TARGET_NAME)";
				SWIFT_VERSION = 5.0;
			};
			name = Debug;
		};
		F3FE2AC3255C7C1A00447B59 /* Release */ = {
			isa = XCBuildConfiguration;
			buildSettings = {
				CODE_SIGN_STYLE = Automatic;
				DEVELOPMENT_TEAM = L73ZV6NFSJ;
				ENABLE_HARDENED_RUNTIME = YES;
				PRODUCT_NAME = "$(TARGET_NAME)";
				SWIFT_VERSION = 5.0;
			};
			name = Release;
		};
/* End XCBuildConfiguration section */

/* Begin XCConfigurationList section */
		F3FE2AB5255C7C1A00447B59 /* Build configuration list for PBXProject "Battlesnake Winter 2020" */ = {
			isa = XCConfigurationList;
			buildConfigurations = (
				F3FE2ABF255C7C1A00447B59 /* Debug */,
				F3FE2AC0255C7C1A00447B59 /* Release */,
			);
			defaultConfigurationIsVisible = 0;
			defaultConfigurationName = Release;
		};
		F3FE2AC1255C7C1A00447B59 /* Build configuration list for PBXNativeTarget "Battlesnake Winter 2020" */ = {
			isa = XCConfigurationList;
			buildConfigurations = (
				F3FE2AC2255C7C1A00447B59 /* Debug */,
				F3FE2AC3255C7C1A00447B59 /* Release */,
			);
			defaultConfigurationIsVisible = 0;
			defaultConfigurationName = Release;
		};
/* End XCConfigurationList section */

/* Begin XCRemoteSwiftPackageReference section */
		F3FE2AC9255C956A00447B59 /* XCRemoteSwiftPackageReference "swift-argument-parser" */ = {
			isa = XCRemoteSwiftPackageReference;
			repositoryURL = "https://github.com/apple/swift-argument-parser";
			requirement = {
				kind = upToNextMajorVersion;
				minimumVersion = 0.3.1;
			};
		};
/* End XCRemoteSwiftPackageReference section */

/* Begin XCSwiftPackageProductDependency section */
		F3FE2ACA255C956A00447B59 /* ArgumentParser */ = {
			isa = XCSwiftPackageProductDependency;
			package = F3FE2AC9255C956A00447B59 /* XCRemoteSwiftPackageReference "swift-argument-parser" */;
			productName = ArgumentParser;
		};
/* End XCSwiftPackageProductDependency section */
	};
	rootObject = F3FE2AB2255C7C1A00447B59 /* Project object */;
}
